
Microsoft Visual Studio Solution File, Format Version 12.00
# Visual Studio 15
Project("{FAE04EC0-301F-11D3-BF4B-00C04F79EFBC}") = "Assembly-CSharp", "Assembly-CSharp.csproj", "{348564F9-14A2-8E6A-2FF9-214A4B686022}"
EndProject
Project("{FAE04EC0-301F-11D3-BF4B-00C04F79EFBC}") = "Assembly-CSharp-Editor", "Assembly-CSharp-Editor.csproj", "{78CCB923-A9E0-7A94-6DD7-181738147E29}"
EndProject
Global
	GlobalSection(SolutionConfigurationPlatforms) = preSolution
		Debug|Any CPU = Debug|Any CPU
		Release|Any CPU = Release|Any CPU
	EndGlobalSection
	GlobalSection(ProjectConfigurationPlatforms) = postSolution
		{348564F9-14A2-8E6A-2FF9-214A4B686022}.Debug|Any CPU.ActiveCfg = Debug|Any CPU
		{348564F9-14A2-8E6A-2FF9-214A4B686022}.Debug|Any CPU.Build.0 = Debug|Any CPU
		{348564F9-14A2-8E6A-2FF9-214A4B686022}.Release|Any CPU.ActiveCfg = Release|Any CPU
		{348564F9-14A2-8E6A-2FF9-214A4B686022}.Release|Any CPU.Build.0 = Release|Any CPU
		{78CCB923-A9E0-7A94-6DD7-181738147E29}.Debug|Any CPU.ActiveCfg = Debug|Any CPU
		{78CCB923-A9E0-7A94-6DD7-181738147E29}.Debug|Any CPU.Build.0 = Debug|Any CPU
		{78CCB923-A9E0-7A94-6DD7-181738147E29}.Release|Any CPU.ActiveCfg = Release|Any CPU
		{78CCB923-A9E0-7A94-6DD7-181738147E29}.Release|Any CPU.Build.0 = Release|Any CPU
	EndGlobalSection
	GlobalSection(SolutionProperties) = preSolution
		HideSolutionNode = FALSE
	EndGlobalSection
EndGlobal
