
Microsoft Visual Studio Solution File, Format Version 11.00
# Visual Studio 2010
Project("{FAE04EC0-301F-11D3-BF4B-00C04F79EFBC}") = "Assembly-CSharp", "Assembly-CSharp.csproj", "{977596ca-725d-aaa4-c198-c18f015b4ae0}"
EndProject
Project("{FAE04EC0-301F-11D3-BF4B-00C04F79EFBC}") = "Assembly-CSharp-Editor", "Assembly-CSharp-Editor.csproj", "{0c0e4177-a420-fdb2-ef1e-cb620fd6c982}"
EndProject
Global
	GlobalSection(SolutionConfigurationPlatforms) = preSolution
		Debug|Any CPU = Debug|Any CPU
	EndGlobalSection
	GlobalSection(ProjectConfigurationPlatforms) = postSolution
		{977596ca-725d-aaa4-c198-c18f015b4ae0}.Debug|Any CPU.ActiveCfg = Debug|Any CPU
		{977596ca-725d-aaa4-c198-c18f015b4ae0}.Debug|Any CPU.Build.0 = Debug|Any CPU
		{0c0e4177-a420-fdb2-ef1e-cb620fd6c982}.Debug|Any CPU.ActiveCfg = Debug|Any CPU
		{0c0e4177-a420-fdb2-ef1e-cb620fd6c982}.Debug|Any CPU.Build.0 = Debug|Any CPU
	EndGlobalSection
	GlobalSection(SolutionProperties) = preSolution
		HideSolutionNode = FALSE
	EndGlobalSection
EndGlobal
